Microsoft Visual Studio Solution File, Format Version 11.00
# Visual Studio 2008

Project("{74E4D250-2F4D-B85B-F308-1EC6A0A56748}") = "Easy Movie Texture youtube", "Assembly-CSharp.csproj", "{7909EAE4-3170-7EBF-4651-7B7130043952}"
EndProject
Global
	GlobalSection(SolutionConfigurationPlatforms) = preSolution
		Debug|Any CPU = Debug|Any CPU
		Release|Any CPU = Release|Any CPU
	EndGlobalSection
	GlobalSection(ProjectConfigurationPlatforms) = postSolution
		{7909EAE4-3170-7EBF-4651-7B7130043952}.Debug|Any CPU.ActiveCfg = Debug|Any CPU
		{7909EAE4-3170-7EBF-4651-7B7130043952}.Debug|Any CPU.Build.0 = Debug|Any CPU
		{7909EAE4-3170-7EBF-4651-7B7130043952}.Release|Any CPU.ActiveCfg = Release|Any CPU
		{7909EAE4-3170-7EBF-4651-7B7130043952}.Release|Any CPU.Build.0 = Release|Any CPU
	EndGlobalSection
	GlobalSection(SolutionProperties) = preSolution
		HideSolutionNode = FALSE
	EndGlobalSection
										GlobalSection(MonoDevelopProperties) = preSolution
		StartupItem = Assembly-CSharp.csproj
	EndGlobalSection

EndGlobal
